
Microsoft Visual Studio Solution File, Format Version 12.00
# Visual Studio Version 16
VisualStudioVersion = 16.0.30413.136
MinimumVisualStudioVersion = 10.0.40219.1
Project("{FAE04EC0-301F-11D3-BF4B-00C04F79EFBC}") = "Xamarin.Forms.PdfSharp", "Xamarin.Forms.PdfSharp\Xamarin.Forms.PdfSharp.csproj", "{D913E489-94AC-470B-A5FA-BD2AD3CDA273}"
EndProject
Project("{FAE04EC0-301F-11D3-BF4B-00C04F79EFBC}") = "Xamarin.Forms.PdfSharp.Core", "Xamarin.Forms.PdfSharp.Core\Xamarin.Forms.PdfSharp.Core.csproj", "{E6D88FE9-9402-48B3-ABF7-D219A78D94A5}"
EndProject
Project("{FAE04EC0-301F-11D3-BF4B-00C04F79EFBC}") = "Xamarin.Forms.PdfSharp.Charts", "Xamarin.Forms.PdfSharp.Charts\Xamarin.Forms.PdfSharp.Charts.csproj", "{584E1A3A-798C-4207-8CAE-EF8CB400812A}"
EndProject
Project("{2150E333-8FDC-42A3-9474-1A3956D46DE8}") = "Demo", "Demo", "{BD8CFBD1-C1EC-4B31-B108-C545CC0F0782}"
EndProject
Project("{FAE04EC0-301F-11D3-BF4B-00C04F79EFBC}") = "PdfSharp.Demo.UWP", "Demo\PdfSharp.Demo\PdfSharp.Demo.UWP\PdfSharp.Demo.UWP.csproj", "{F4356A4B-1759-42C6-9DDD-13F4A26AB3F5}"
EndProject
Project("{FAE04EC0-301F-11D3-BF4B-00C04F79EFBC}") = "PdfSharp.Demo.Android", "Demo\PdfSharp.Demo\PdfSharp.Demo.Android\PdfSharp.Demo.Android.csproj", "{6A123A21-0D04-4319-A0D8-F3BE6DCA97D4}"
EndProject
Project("{FAE04EC0-301F-11D3-BF4B-00C04F79EFBC}") = "PdfSharp.Demo.iOS", "Demo\PdfSharp.Demo\PdfSharp.Demo.iOS\PdfSharp.Demo.iOS.csproj", "{D46D6469-E026-4411-A4FD-F2545518481C}"
EndProject
Project("{FAE04EC0-301F-11D3-BF4B-00C04F79EFBC}") = "PdfSharp.Demo", "Demo\PdfSharp.Demo\PdfSharp.Demo\PdfSharp.Demo.csproj", "{0E5535F3-558B-4E28-A4EE-188EE3745B6D}"
EndProject
Global
	GlobalSection(SolutionConfigurationPlatforms) = preSolution
		Debug|Any CPU = Debug|Any CPU
		Debug|ARM = Debug|ARM
		Debug|iPhone = Debug|iPhone
		Debug|iPhoneSimulator = Debug|iPhoneSimulator
		Debug|x64 = Debug|x64
		Debug|x86 = Debug|x86
		Release|Any CPU = Release|Any CPU
		Release|ARM = Release|ARM
		Release|iPhone = Release|iPhone
		Release|iPhoneSimulator = Release|iPhoneSimulator
		Release|x64 = Release|x64
		Release|x86 = Release|x86
	EndGlobalSection
	GlobalSection(ProjectConfigurationPlatforms) = postSolution
		{D913E489-94AC-470B-A5FA-BD2AD3CDA273}.Debug|Any CPU.ActiveCfg = Debug|Any CPU
		{D913E489-94AC-470B-A5FA-BD2AD3CDA273}.Debug|Any CPU.Build.0 = Debug|Any CPU
		{D913E489-94AC-470B-A5FA-BD2AD3CDA273}.Debug|ARM.ActiveCfg = Debug|Any CPU
		{D913E489-94AC-470B-A5FA-BD2AD3CDA273}.Debug|ARM.Build.0 = Debug|Any CPU
		{D913E489-94AC-470B-A5FA-BD2AD3CDA273}.Debug|iPhone.ActiveCfg = Debug|Any CPU
		{D913E489-94AC-470B-A5FA-BD2AD3CDA273}.Debug|iPhone.Build.0 = Debug|Any CPU
		{D913E489-94AC-470B-A5FA-BD2AD3CDA273}.Debug|iPhoneSimulator.ActiveCfg = Debug|Any CPU
		{D913E489-94AC-470B-A5FA-BD2AD3CDA273}.Debug|iPhoneSimulator.Build.0 = Debug|Any CPU
		{D913E489-94AC-470B-A5FA-BD2AD3CDA273}.Debug|x64.ActiveCfg = Debug|Any CPU
		{D913E489-94AC-470B-A5FA-BD2AD3CDA273}.Debug|x64.Build.0 = Debug|Any CPU
		{D913E489-94AC-470B-A5FA-BD2AD3CDA273}.Debug|x86.ActiveCfg = Debug|Any CPU
		{D913E489-94AC-470B-A5FA-BD2AD3CDA273}.Debug|x86.Build.0 = Debug|Any CPU
		{D913E489-94AC-470B-A5FA-BD2AD3CDA273}.Release|Any CPU.ActiveCfg = Release|Any CPU
		{D913E489-94AC-470B-A5FA-BD2AD3CDA273}.Release|Any CPU.Build.0 = Release|Any CPU
		{D913E489-94AC-470B-A5FA-BD2AD3CDA273}.Release|ARM.ActiveCfg = Release|Any CPU
		{D913E489-94AC-470B-A5FA-BD2AD3CDA273}.Release|ARM.Build.0 = Release|Any CPU
		{D913E489-94AC-470B-A5FA-BD2AD3CDA273}.Release|iPhone.ActiveCfg = Release|Any CPU
		{D913E489-94AC-470B-A5FA-BD2AD3CDA273}.Release|iPhone.Build.0 = Release|Any CPU
		{D913E489-94AC-470B-A5FA-BD2AD3CDA273}.Release|iPhoneSimulator.ActiveCfg = Release|Any CPU
		{D913E489-94AC-470B-A5FA-BD2AD3CDA273}.Release|iPhoneSimulator.Build.0 = Release|Any CPU
		{D913E489-94AC-470B-A5FA-BD2AD3CDA273}.Release|x64.ActiveCfg = Release|Any CPU
		{D913E489-94AC-470B-A5FA-BD2AD3CDA273}.Release|x64.Build.0 = Release|Any CPU
		{D913E489-94AC-470B-A5FA-BD2AD3CDA273}.Release|x86.ActiveCfg = Release|Any CPU
		{D913E489-94AC-470B-A5FA-BD2AD3CDA273}.Release|x86.Build.0 = Release|Any CPU
		{E6D88FE9-9402-48B3-ABF7-D219A78D94A5}.Debug|Any CPU.ActiveCfg = Debug|Any CPU
		{E6D88FE9-9402-48B3-ABF7-D219A78D94A5}.Debug|Any CPU.Build.0 = Debug|Any CPU
		{E6D88FE9-9402-48B3-ABF7-D219A78D94A5}.Debug|ARM.ActiveCfg = Debug|Any CPU
		{E6D88FE9-9402-48B3-ABF7-D219A78D94A5}.Debug|ARM.Build.0 = Debug|Any CPU
		{E6D88FE9-9402-48B3-ABF7-D219A78D94A5}.Debug|iPhone.ActiveCfg = Debug|Any CPU
		{E6D88FE9-9402-48B3-ABF7-D219A78D94A5}.Debug|iPhone.Build.0 = Debug|Any CPU
		{E6D88FE9-9402-48B3-ABF7-D219A78D94A5}.Debug|iPhoneSimulator.ActiveCfg = Debug|Any CPU
		{E6D88FE9-9402-48B3-ABF7-D219A78D94A5}.Debug|iPhoneSimulator.Build.0 = Debug|Any CPU
		{E6D88FE9-9402-48B3-ABF7-D219A78D94A5}.Debug|x64.ActiveCfg = Debug|Any CPU
		{E6D88FE9-9402-48B3-ABF7-D219A78D94A5}.Debug|x64.Build.0 = Debug|Any CPU
		{E6D88FE9-9402-48B3-ABF7-D219A78D94A5}.Debug|x86.ActiveCfg = Debug|Any CPU
		{E6D88FE9-9402-48B3-ABF7-D219A78D94A5}.Debug|x86.Build.0 = Debug|Any CPU
		{E6D88FE9-9402-48B3-ABF7-D219A78D94A5}.Release|Any CPU.ActiveCfg = Release|Any CPU
		{E6D88FE9-9402-48B3-ABF7-D219A78D94A5}.Release|Any CPU.Build.0 = Release|Any CPU
		{E6D88FE9-9402-48B3-ABF7-D219A78D94A5}.Release|ARM.ActiveCfg = Release|Any CPU
		{E6D88FE9-9402-48B3-ABF7-D219A78D94A5}.Release|ARM.Build.0 = Release|Any CPU
		{E6D88FE9-9402-48B3-ABF7-D219A78D94A5}.Release|iPhone.ActiveCfg = Release|Any CPU
		{E6D88FE9-9402-48B3-ABF7-D219A78D94A5}.Release|iPhone.Build.0 = Release|Any CPU
		{E6D88FE9-9402-48B3-ABF7-D219A78D94A5}.Release|iPhoneSimulator.ActiveCfg = Release|Any CPU
		{E6D88FE9-9402-48B3-ABF7-D219A78D94A5}.Release|iPhoneSimulator.Build.0 = Release|Any CPU
		{E6D88FE9-9402-48B3-ABF7-D219A78D94A5}.Release|x64.ActiveCfg = Release|Any CPU
		{E6D88FE9-9402-48B3-ABF7-D219A78D94A5}.Release|x64.Build.0 = Release|Any CPU
		{E6D88FE9-9402-48B3-ABF7-D219A78D94A5}.Release|x86.ActiveCfg = Release|Any CPU
		{E6D88FE9-9402-48B3-ABF7-D219A78D94A5}.Release|x86.Build.0 = Release|Any CPU
		{584E1A3A-798C-4207-8CAE-EF8CB400812A}.Debug|Any CPU.ActiveCfg = Debug|Any CPU
		{584E1A3A-798C-4207-8CAE-EF8CB400812A}.Debug|Any CPU.Build.0 = Debug|Any CPU
		{584E1A3A-798C-4207-8CAE-EF8CB400812A}.Debug|ARM.ActiveCfg = Debug|Any CPU
		{584E1A3A-798C-4207-8CAE-EF8CB400812A}.Debug|ARM.Build.0 = Debug|Any CPU
		{584E1A3A-798C-4207-8CAE-EF8CB400812A}.Debug|iPhone.ActiveCfg = Debug|Any CPU
		{584E1A3A-798C-4207-8CAE-EF8CB400812A}.Debug|iPhone.Build.0 = Debug|Any CPU
		{584E1A3A-798C-4207-8CAE-EF8CB400812A}.Debug|iPhoneSimulator.ActiveCfg = Debug|Any CPU
		{584E1A3A-798C-4207-8CAE-EF8CB400812A}.Debug|iPhoneSimulator.Build.0 = Debug|Any CPU
		{584E1A3A-798C-4207-8CAE-EF8CB400812A}.Debug|x64.ActiveCfg = Debug|Any CPU
		{584E1A3A-798C-4207-8CAE-EF8CB400812A}.Debug|x64.Build.0 = Debug|Any CPU
		{584E1A3A-798C-4207-8CAE-EF8CB400812A}.Debug|x86.ActiveCfg = Debug|Any CPU
		{584E1A3A-798C-4207-8CAE-EF8CB400812A}.Debug|x86.Build.0 = Debug|Any CPU
		{584E1A3A-798C-4207-8CAE-EF8CB400812A}.Release|Any CPU.ActiveCfg = Release|Any CPU
		{584E1A3A-798C-4207-8CAE-EF8CB400812A}.Release|Any CPU.Build.0 = Release|Any CPU
		{584E1A3A-798C-4207-8CAE-EF8CB400812A}.Release|ARM.ActiveCfg = Release|Any CPU
		{584E1A3A-798C-4207-8CAE-EF8CB400812A}.Release|ARM.Build.0 = Release|Any CPU
		{584E1A3A-798C-4207-8CAE-EF8CB400812A}.Release|iPhone.ActiveCfg = Release|Any CPU
		{584E1A3A-798C-4207-8CAE-EF8CB400812A}.Release|iPhone.Build.0 = Release|Any CPU
		{584E1A3A-798C-4207-8CAE-EF8CB400812A}.Release|iPhoneSimulator.ActiveCfg = Release|Any CPU
		{584E1A3A-798C-4207-8CAE-EF8CB400812A}.Release|iPhoneSimulator.Build.0 = Release|Any CPU
		{584E1A3A-798C-4207-8CAE-EF8CB400812A}.Release|x64.ActiveCfg = Release|Any CPU
		{584E1A3A-798C-4207-8CAE-EF8CB400812A}.Release|x64.Build.0 = Release|Any CPU
		{584E1A3A-798C-4207-8CAE-EF8CB400812A}.Release|x86.ActiveCfg = Release|Any CPU
		{584E1A3A-798C-4207-8CAE-EF8CB400812A}.Release|x86.Build.0 = Release|Any CPU
		{F4356A4B-1759-42C6-9DDD-13F4A26AB3F5}.Debug|Any CPU.ActiveCfg = Debug|x86
		{F4356A4B-1759-42C6-9DDD-13F4A26AB3F5}.Debug|ARM.ActiveCfg = Debug|ARM
		{F4356A4B-1759-42C6-9DDD-13F4A26AB3F5}.Debug|ARM.Build.0 = Debug|ARM
		{F4356A4B-1759-42C6-9DDD-13F4A26AB3F5}.Debug|ARM.Deploy.0 = Debug|ARM
		{F4356A4B-1759-42C6-9DDD-13F4A26AB3F5}.Debug|iPhone.ActiveCfg = Debug|x86
		{F4356A4B-1759-42C6-9DDD-13F4A26AB3F5}.Debug|iPhoneSimulator.ActiveCfg = Debug|x86
		{F4356A4B-1759-42C6-9DDD-13F4A26AB3F5}.Debug|x64.ActiveCfg = Debug|x64
		{F4356A4B-1759-42C6-9DDD-13F4A26AB3F5}.Debug|x64.Build.0 = Debug|x64
		{F4356A4B-1759-42C6-9DDD-13F4A26AB3F5}.Debug|x64.Deploy.0 = Debug|x64
		{F4356A4B-1759-42C6-9DDD-13F4A26AB3F5}.Debug|x86.ActiveCfg = Debug|x86
		{F4356A4B-1759-42C6-9DDD-13F4A26AB3F5}.Debug|x86.Build.0 = Debug|x86
		{F4356A4B-1759-42C6-9DDD-13F4A26AB3F5}.Debug|x86.Deploy.0 = Debug|x86
		{F4356A4B-1759-42C6-9DDD-13F4A26AB3F5}.Release|Any CPU.ActiveCfg = Release|x86
		{F4356A4B-1759-42C6-9DDD-13F4A26AB3F5}.Release|ARM.ActiveCfg = Release|ARM
		{F4356A4B-1759-42C6-9DDD-13F4A26AB3F5}.Release|ARM.Build.0 = Release|ARM
		{F4356A4B-1759-42C6-9DDD-13F4A26AB3F5}.Release|ARM.Deploy.0 = Release|ARM
		{F4356A4B-1759-42C6-9DDD-13F4A26AB3F5}.Release|iPhone.ActiveCfg = Release|x86
		{F4356A4B-1759-42C6-9DDD-13F4A26AB3F5}.Release|iPhoneSimulator.ActiveCfg = Release|x86
		{F4356A4B-1759-42C6-9DDD-13F4A26AB3F5}.Release|x64.ActiveCfg = Release|x64
		{F4356A4B-1759-42C6-9DDD-13F4A26AB3F5}.Release|x64.Build.0 = Release|x64
		{F4356A4B-1759-42C6-9DDD-13F4A26AB3F5}.Release|x64.Deploy.0 = Release|x64
		{F4356A4B-1759-42C6-9DDD-13F4A26AB3F5}.Release|x86.ActiveCfg = Release|x86
		{F4356A4B-1759-42C6-9DDD-13F4A26AB3F5}.Release|x86.Build.0 = Release|x86
		{F4356A4B-1759-42C6-9DDD-13F4A26AB3F5}.Release|x86.Deploy.0 = Release|x86
		{6A123A21-0D04-4319-A0D8-F3BE6DCA97D4}.Debug|Any CPU.ActiveCfg = Debug|Any CPU
		{6A123A21-0D04-4319-A0D8-F3BE6DCA97D4}.Debug|Any CPU.Build.0 = Debug|Any CPU
		{6A123A21-0D04-4319-A0D8-F3BE6DCA97D4}.Debug|Any CPU.Deploy.0 = Debug|Any CPU
		{6A123A21-0D04-4319-A0D8-F3BE6DCA97D4}.Debug|ARM.ActiveCfg = Debug|Any CPU
		{6A123A21-0D04-4319-A0D8-F3BE6DCA97D4}.Debug|ARM.Build.0 = Debug|Any CPU
		{6A123A21-0D04-4319-A0D8-F3BE6DCA97D4}.Debug|ARM.Deploy.0 = Debug|Any CPU
		{6A123A21-0D04-4319-A0D8-F3BE6DCA97D4}.Debug|iPhone.ActiveCfg = Debug|Any CPU
		{6A123A21-0D04-4319-A0D8-F3BE6DCA97D4}.Debug|iPhone.Build.0 = Debug|Any CPU
		{6A123A21-0D04-4319-A0D8-F3BE6DCA97D4}.Debug|iPhone.Deploy.0 = Debug|Any CPU
		{6A123A21-0D04-4319-A0D8-F3BE6DCA97D4}.Debug|iPhoneSimulator.ActiveCfg = Debug|Any CPU
		{6A123A21-0D04-4319-A0D8-F3BE6DCA97D4}.Debug|iPhoneSimulator.Build.0 = Debug|Any CPU
		{6A123A21-0D04-4319-A0D8-F3BE6DCA97D4}.Debug|iPhoneSimulator.Deploy.0 = Debug|Any CPU
		{6A123A21-0D04-4319-A0D8-F3BE6DCA97D4}.Debug|x64.ActiveCfg = Debug|Any CPU
		{6A123A21-0D04-4319-A0D8-F3BE6DCA97D4}.Debug|x64.Build.0 = Debug|Any CPU
		{6A123A21-0D04-4319-A0D8-F3BE6DCA97D4}.Debug|x64.Deploy.0 = Debug|Any CPU
		{6A123A21-0D04-4319-A0D8-F3BE6DCA97D4}.Debug|x86.ActiveCfg = Debug|Any CPU
		{6A123A21-0D04-4319-A0D8-F3BE6DCA97D4}.Debug|x86.Build.0 = Debug|Any CPU
		{6A123A21-0D04-4319-A0D8-F3BE6DCA97D4}.Debug|x86.Deploy.0 = Debug|Any CPU
		{6A123A21-0D04-4319-A0D8-F3BE6DCA97D4}.Release|Any CPU.ActiveCfg = Release|Any CPU
		{6A123A21-0D04-4319-A0D8-F3BE6DCA97D4}.Release|Any CPU.Build.0 = Release|Any CPU
		{6A123A21-0D04-4319-A0D8-F3BE6DCA97D4}.Release|Any CPU.Deploy.0 = Release|Any CPU
		{6A123A21-0D04-4319-A0D8-F3BE6DCA97D4}.Release|ARM.ActiveCfg = Release|Any CPU
		{6A123A21-0D04-4319-A0D8-F3BE6DCA97D4}.Release|ARM.Build.0 = Release|Any CPU
		{6A123A21-0D04-4319-A0D8-F3BE6DCA97D4}.Release|ARM.Deploy.0 = Release|Any CPU
		{6A123A21-0D04-4319-A0D8-F3BE6DCA97D4}.Release|iPhone.ActiveCfg = Release|Any CPU
		{6A123A21-0D04-4319-A0D8-F3BE6DCA97D4}.Release|iPhone.Build.0 = Release|Any CPU
		{6A123A21-0D04-4319-A0D8-F3BE6DCA97D4}.Release|iPhone.Deploy.0 = Release|Any CPU
		{6A123A21-0D04-4319-A0D8-F3BE6DCA97D4}.Release|iPhoneSimulator.ActiveCfg = Release|Any CPU
		{6A123A21-0D04-4319-A0D8-F3BE6DCA97D4}.Release|iPhoneSimulator.Build.0 = Release|Any CPU
		{6A123A21-0D04-4319-A0D8-F3BE6DCA97D4}.Release|iPhoneSimulator.Deploy.0 = Release|Any CPU
		{6A123A21-0D04-4319-A0D8-F3BE6DCA97D4}.Release|x64.ActiveCfg = Release|Any CPU
		{6A123A21-0D04-4319-A0D8-F3BE6DCA97D4}.Release|x64.Build.0 = Release|Any CPU
		{6A123A21-0D04-4319-A0D8-F3BE6DCA97D4}.Release|x64.Deploy.0 = Release|Any CPU
		{6A123A21-0D04-4319-A0D8-F3BE6DCA97D4}.Release|x86.ActiveCfg = Release|Any CPU
		{6A123A21-0D04-4319-A0D8-F3BE6DCA97D4}.Release|x86.Build.0 = Release|Any CPU
		{6A123A21-0D04-4319-A0D8-F3BE6DCA97D4}.Release|x86.Deploy.0 = Release|Any CPU
		{D46D6469-E026-4411-A4FD-F2545518481C}.Debug|Any CPU.ActiveCfg = Debug|iPhone
		{D46D6469-E026-4411-A4FD-F2545518481C}.Debug|ARM.ActiveCfg = Debug|iPhone
		{D46D6469-E026-4411-A4FD-F2545518481C}.Debug|iPhone.ActiveCfg = Debug|iPhone
		{D46D6469-E026-4411-A4FD-F2545518481C}.Debug|iPhone.Build.0 = Debug|iPhone
		{D46D6469-E026-4411-A4FD-F2545518481C}.Debug|iPhoneSimulator.ActiveCfg = Debug|iPhoneSimulator
		{D46D6469-E026-4411-A4FD-F2545518481C}.Debug|iPhoneSimulator.Build.0 = Debug|iPhoneSimulator
		{D46D6469-E026-4411-A4FD-F2545518481C}.Debug|x64.ActiveCfg = Debug|iPhone
		{D46D6469-E026-4411-A4FD-F2545518481C}.Debug|x86.ActiveCfg = Debug|iPhone
		{D46D6469-E026-4411-A4FD-F2545518481C}.Release|Any CPU.ActiveCfg = Release|iPhone
		{D46D6469-E026-4411-A4FD-F2545518481C}.Release|ARM.ActiveCfg = Release|iPhone
		{D46D6469-E026-4411-A4FD-F2545518481C}.Release|iPhone.ActiveCfg = Release|iPhone
		{D46D6469-E026-4411-A4FD-F2545518481C}.Release|iPhone.Build.0 = Release|iPhone
		{D46D6469-E026-4411-A4FD-F2545518481C}.Release|iPhoneSimulator.ActiveCfg = Release|iPhoneSimulator
		{D46D6469-E026-4411-A4FD-F2545518481C}.Release|iPhoneSimulator.Build.0 = Release|iPhoneSimulator
		{D46D6469-E026-4411-A4FD-F2545518481C}.Release|x64.ActiveCfg = Release|iPhone
		{D46D6469-E026-4411-A4FD-F2545518481C}.Release|x86.ActiveCfg = Release|iPhone
		{0E5535F3-558B-4E28-A4EE-188EE3745B6D}.Debug|Any CPU.ActiveCfg = Debug|Any CPU
		{0E5535F3-558B-4E28-A4EE-188EE3745B6D}.Debug|Any CPU.Build.0 = Debug|Any CPU
		{0E5535F3-558B-4E28-A4EE-188EE3745B6D}.Debug|ARM.ActiveCfg = Debug|Any CPU
		{0E5535F3-558B-4E28-A4EE-188EE3745B6D}.Debug|ARM.Build.0 = Debug|Any CPU
		{0E5535F3-558B-4E28-A4EE-188EE3745B6D}.Debug|iPhone.ActiveCfg = Debug|Any CPU
		{0E5535F3-558B-4E28-A4EE-188EE3745B6D}.Debug|iPhone.Build.0 = Debug|Any CPU
		{0E5535F3-558B-4E28-A4EE-188EE3745B6D}.Debug|iPhoneSimulator.ActiveCfg = Debug|Any CPU
		{0E5535F3-558B-4E28-A4EE-188EE3745B6D}.Debug|iPhoneSimulator.Build.0 = Debug|Any CPU
		{0E5535F3-558B-4E28-A4EE-188EE3745B6D}.Debug|x64.ActiveCfg = Debug|Any CPU
		{0E5535F3-558B-4E28-A4EE-188EE3745B6D}.Debug|x64.Build.0 = Debug|Any CPU
		{0E5535F3-558B-4E28-A4EE-188EE3745B6D}.Debug|x86.ActiveCfg = Debug|Any CPU
		{0E5535F3-558B-4E28-A4EE-188EE3745B6D}.Debug|x86.Build.0 = Debug|Any CPU
		{0E5535F3-558B-4E28-A4EE-188EE3745B6D}.Release|Any CPU.ActiveCfg = Release|Any CPU
		{0E5535F3-558B-4E28-A4EE-188EE3745B6D}.Release|Any CPU.Build.0 = Release|Any CPU
		{0E5535F3-558B-4E28-A4EE-188EE3745B6D}.Release|ARM.ActiveCfg = Release|Any CPU
		{0E5535F3-558B-4E28-A4EE-188EE3745B6D}.Release|ARM.Build.0 = Release|Any CPU
		{0E5535F3-558B-4E28-A4EE-188EE3745B6D}.Release|iPhone.ActiveCfg = Release|Any CPU
		{0E5535F3-558B-4E28-A4EE-188EE3745B6D}.Release|iPhone.Build.0 = Release|Any CPU
		{0E5535F3-558B-4E28-A4EE-188EE3745B6D}.Release|iPhoneSimulator.ActiveCfg = Release|Any CPU
		{0E5535F3-558B-4E28-A4EE-188EE3745B6D}.Release|iPhoneSimulator.Build.0 = Release|Any CPU
		{0E5535F3-558B-4E28-A4EE-188EE3745B6D}.Release|x64.ActiveCfg = Release|Any CPU
		{0E5535F3-558B-4E28-A4EE-188EE3745B6D}.Release|x64.Build.0 = Release|Any CPU
		{0E5535F3-558B-4E28-A4EE-188EE3745B6D}.Release|x86.ActiveCfg = Release|Any CPU
		{0E5535F3-558B-4E28-A4EE-188EE3745B6D}.Release|x86.Build.0 = Release|Any CPU
	EndGlobalSection
	GlobalSection(SolutionProperties) = preSolution
		HideSolutionNode = FALSE
	EndGlobalSection
	GlobalSection(NestedProjects) = preSolution
		{F4356A4B-1759-42C6-9DDD-13F4A26AB3F5} = {BD8CFBD1-C1EC-4B31-B108-C545CC0F0782}
		{6A123A21-0D04-4319-A0D8-F3BE6DCA97D4} = {BD8CFBD1-C1EC-4B31-B108-C545CC0F0782}
		{D46D6469-E026-4411-A4FD-F2545518481C} = {BD8CFBD1-C1EC-4B31-B108-C545CC0F0782}
		{0E5535F3-558B-4E28-A4EE-188EE3745B6D} = {BD8CFBD1-C1EC-4B31-B108-C545CC0F0782}
	EndGlobalSection
	GlobalSection(ExtensibilityGlobals) = postSolution
		SolutionGuid = {257FEBE2-187D-4351-BF2B-C59AB67A8176}
	EndGlobalSection
EndGlobal
